// !$*UTF8*$!
{
	archiveVersion = 1;
	classes = {
	};
	objectVersion = 77;
	objects = {

/* Begin PBXContainerItemProxy section */
		BEEF00072FF95A790000EAAB /* PBXContainerItemProxy */ = {
			isa = PBXContainerItemProxy;
			containerPortal = DE7ADE052FF95A790000EAAB /* Project object */;
			proxyType = 1;
			remoteGlobalIDString = DE7ADE0C2FF95A790000EAAB;
			remoteInfo = InfiniteCanvasApp;
		};
		CAFE00072FF95A790000EAAB /* PBXContainerItemProxy */ = {
			isa = PBXContainerItemProxy;
			containerPortal = DE7ADE052FF95A790000EAAB /* Project object */;
			proxyType = 1;
			remoteGlobalIDString = DE7ADE0C2FF95A790000EAAB;
			remoteInfo = InfiniteCanvasApp;
		};
/* End PBXContainerItemProxy section */

/* Begin PBXFileReference section */
		BEEF00012FF95A790000EAAB /* InfiniteCanvasAppUITests.xctest */ = {isa = PBXFileReference; explicitFileType = wrapper.cfbundle; includeInIndex = 0; path = InfiniteCanvasAppUITests.xctest; sourceTree = BUILT_PRODUCTS_DIR; };
		CAFE00012FF95A790000EAAB /* InfiniteCanvasAppTests.xctest */ = {isa = PBXFileReference; explicitFileType = wrapper.cfbundle; includeInIndex = 0; path = InfiniteCanvasAppTests.xctest; sourceTree = BUILT_PRODUCTS_DIR; };
		DE7ADE0D2FF95A790000EAAB /* InfiniteCanvasApp.app */ = {isa = PBXFileReference; explicitFileType = wrapper.application; includeInIndex = 0; path = InfiniteCanvasApp.app; sourceTree = BUILT_PRODUCTS_DIR; };
/* End PBXFileReference section */

/* Begin PBXFileSystemSynchronizedRootGroup section */
		BEEF00022FF95A790000EAAB /* InfiniteCanvasAppUITests */ = {
			isa = PBXFileSystemSynchronizedRootGroup;
			path = InfiniteCanvasAppUITests;
			sourceTree = "<group>";
		};
		CAFE00022FF95A790000EAAB /* InfiniteCanvasAppTests */ = {
			isa = PBXFileSystemSynchronizedRootGroup;
			path = InfiniteCanvasAppTests;
			sourceTree = "<group>";
		};
		DE7ADE0F2FF95A790000EAAB /* InfiniteCanvasApp */ = {
			isa = PBXFileSystemSynchronizedRootGroup;
			path = InfiniteCanvasApp;
			sourceTree = "<group>";
		};
/* End PBXFileSystemSynchronizedRootGroup section */

/* Begin PBXFrameworksBuildPhase section */
		BEEF00052FF95A790000EAAB /* Frameworks */ = {
			isa = PBXFrameworksBuildPhase;
			buildActionMask = 2147483647;
			files = (
			);
			runOnlyForDeploymentPostprocessing = 0;
		};
		CAFE00052FF95A790000EAAB /* Frameworks */ = {
			isa = PBXFrameworksBuildPhase;
			buildActionMask = 2147483647;
			files = (
			);
			runOnlyForDeploymentPostprocessing = 0;
		};
		DE7ADE0A2FF95A790000EAAB /* Frameworks */ = {
			isa = PBXFrameworksBuildPhase;
			buildActionMask = 2147483647;
			files = (
			);
			runOnlyForDeploymentPostprocessing = 0;
		};
/* End PBXFrameworksBuildPhase section */

/* Begin PBXGroup section */
		DE7ADE042FF95A790000EAAB = {
			isa = PBXGroup;
			children = (
				DE7ADE0F2FF95A790000EAAB /* InfiniteCanvasApp */,
				CAFE00022FF95A790000EAAB /* InfiniteCanvasAppTests */,
				BEEF00022FF95A790000EAAB /* InfiniteCanvasAppUITests */,
				DE7ADE0E2FF95A790000EAAB /* Products */,
			);
			sourceTree = "<group>";
		};
		DE7ADE0E2FF95A790000EAAB /* Products */ = {
			isa = PBXGroup;
			children = (
				DE7ADE0D2FF95A790000EAAB /* InfiniteCanvasApp.app */,
				CAFE00012FF95A790000EAAB /* InfiniteCanvasAppTests.xctest */,
				BEEF00012FF95A790000EAAB /* InfiniteCanvasAppUITests.xctest */,
			);
			name = Products;
			sourceTree = "<group>";
		};
/* End PBXGroup section */

/* Begin PBXNativeTarget section */
		BEEF00032FF95A790000EAAB /* InfiniteCanvasAppUITests */ = {
			isa = PBXNativeTarget;
			buildConfigurationList = BEEF00092FF95A790000EAAB /* Build configuration list for PBXNativeTarget "InfiniteCanvasAppUITests" */;
			buildPhases = (
				BEEF00042FF95A790000EAAB /* Sources */,
				BEEF00052FF95A790000EAAB /* Frameworks */,
				BEEF00062FF95A790000EAAB /* Resources */,
			);
			buildRules = (
			);
			dependencies = (
				BEEF00082FF95A790000EAAB /* PBXTargetDependency */,
			);
			fileSystemSynchronizedGroups = (
				BEEF00022FF95A790000EAAB /* InfiniteCanvasAppUITests */,
			);
			name = InfiniteCanvasAppUITests;
			packageProductDependencies = (
			);
			productName = InfiniteCanvasAppUITests;
			productReference = BEEF00012FF95A790000EAAB /* InfiniteCanvasAppUITests.xctest */;
			productType = "com.apple.product-type.bundle.ui-testing";
		};
		CAFE00032FF95A790000EAAB /* InfiniteCanvasAppTests */ = {
			isa = PBXNativeTarget;
			buildConfigurationList = CAFE00092FF95A790000EAAB /* Build configuration list for PBXNativeTarget "InfiniteCanvasAppTests" */;
			buildPhases = (
				CAFE00042FF95A790000EAAB /* Sources */,
				CAFE00052FF95A790000EAAB /* Frameworks */,
				CAFE00062FF95A790000EAAB /* Resources */,
			);
			buildRules = (
			);
			dependencies = (
				CAFE00082FF95A790000EAAB /* PBXTargetDependency */,
			);
			fileSystemSynchronizedGroups = (
				CAFE00022FF95A790000EAAB /* InfiniteCanvasAppTests */,
			);
			name = InfiniteCanvasAppTests;
			packageProductDependencies = (
			);
			productName = InfiniteCanvasAppTests;
			productReference = CAFE00012FF95A790000EAAB /* InfiniteCanvasAppTests.xctest */;
			productType = "com.apple.product-type.bundle.unit-test";
		};
		DE7ADE0C2FF95A790000EAAB /* InfiniteCanvasApp */ = {
			isa = PBXNativeTarget;
			buildConfigurationList = DE7ADE182FF95A7A0000EAAB /* Build configuration list for PBXNativeTarget "InfiniteCanvasApp" */;
			buildPhases = (
				DE7ADE092FF95A790000EAAB /* Sources */,
				DE7ADE0A2FF95A790000EAAB /* Frameworks */,
				DE7ADE0B2FF95A790000EAAB /* Resources */,
			);
			buildRules = (
			);
			dependencies = (
			);
			fileSystemSynchronizedGroups = (
				DE7ADE0F2FF95A790000EAAB /* InfiniteCanvasApp */,
			);
			name = InfiniteCanvasApp;
			packageProductDependencies = (
			);
			productName = InfiniteCanvasApp;
			productReference = DE7ADE0D2FF95A790000EAAB /* InfiniteCanvasApp.app */;
			productType = "com.apple.product-type.application";
		};
/* End PBXNativeTarget section */

/* Begin PBXProject section */
		DE7ADE052FF95A790000EAAB /* Project object */ = {
			isa = PBXProject;
			attributes = {
				BuildIndependentTargetsInParallel = 1;
				LastSwiftUpdateCheck = 2660;
				LastUpgradeCheck = 2660;
				TargetAttributes = {
					BEEF00032FF95A790000EAAB = {
						CreatedOnToolsVersion = 26.6;
						TestTargetID = DE7ADE0C2FF95A790000EAAB;
					};
					CAFE00032FF95A790000EAAB = {
						CreatedOnToolsVersion = 26.6;
						TestTargetID = DE7ADE0C2FF95A790000EAAB;
					};
					DE7ADE0C2FF95A790000EAAB = {
						CreatedOnToolsVersion = 26.6;
					};
				};
			};
			buildConfigurationList = DE7ADE082FF95A790000EAAB /* Build configuration list for PBXProject "InfiniteCanvasApp" */;
			developmentRegion = en;
			hasScannedForEncodings = 0;
			knownRegions = (
				en,
				Base,
			);
			mainGroup = DE7ADE042FF95A790000EAAB;
			minimizedProjectReferenceProxies = 1;
			preferredProjectObjectVersion = 77;
			productRefGroup = DE7ADE0E2FF95A790000EAAB /* Products */;
			projectDirPath = "";
			projectRoot = "";
			targets = (
				DE7ADE0C2FF95A790000EAAB /* InfiniteCanvasApp */,
				CAFE00032FF95A790000EAAB /* InfiniteCanvasAppTests */,
				BEEF00032FF95A790000EAAB /* InfiniteCanvasAppUITests */,
			);
		};
/* End PBXProject section */

/* Begin PBXResourcesBuildPhase section */
		BEEF00062FF95A790000EAAB /* Resources */ = {
			isa = PBXResourcesBuildPhase;
			buildActionMask = 2147483647;
			files = (
			);
			runOnlyForDeploymentPostprocessing = 0;
		};
		CAFE00062FF95A790000EAAB /* Resources */ = {
			isa = PBXResourcesBuildPhase;
			buildActionMask = 2147483647;
			files = (
			);
			runOnlyForDeploymentPostprocessing = 0;
		};
		DE7ADE0B2FF95A790000EAAB /* Resources */ = {
			isa = PBXResourcesBuildPhase;
			buildActionMask = 2147483647;
			files = (
			);
			runOnlyForDeploymentPostprocessing = 0;
		};
/* End PBXResourcesBuildPhase section */

/* Begin PBXSourcesBuildPhase section */
		BEEF00042FF95A790000EAAB /* Sources */ = {
			isa = PBXSourcesBuildPhase;
			buildActionMask = 2147483647;
			files = (
			);
			runOnlyForDeploymentPostprocessing = 0;
		};
		CAFE00042FF95A790000EAAB /* Sources */ = {
			isa = PBXSourcesBuildPhase;
			buildActionMask = 2147483647;
			files = (
			);
			runOnlyForDeploymentPostprocessing = 0;
		};
		DE7ADE092FF95A790000EAAB /* Sources */ = {
			isa = PBXSourcesBuildPhase;
			buildActionMask = 2147483647;
			files = (
			);
			runOnlyForDeploymentPostprocessing = 0;
		};
/* End PBXSourcesBuildPhase section */

/* Begin PBXTargetDependency section */
		BEEF00082FF95A790000EAAB /* PBXTargetDependency */ = {
			isa = PBXTargetDependency;
			target = DE7ADE0C2FF95A790000EAAB /* InfiniteCanvasApp */;
			targetProxy = BEEF00072FF95A790000EAAB /* PBXContainerItemProxy */;
		};
		CAFE00082FF95A790000EAAB /* PBXTargetDependency */ = {
			isa = PBXTargetDependency;
			target = DE7ADE0C2FF95A790000EAAB /* InfiniteCanvasApp */;
			targetProxy = CAFE00072FF95A790000EAAB /* PBXContainerItemProxy */;
		};
/* End PBXTargetDependency section */

/* Begin XCBuildConfiguration section */
		BEEF000A2FF95A790000EAAB /* Debug */ = {
			isa = XCBuildConfiguration;
			buildSettings = {
				CODE_SIGN_STYLE = Automatic;
				CURRENT_PROJECT_VERSION = 1;
				DEVELOPMENT_TEAM = 74A9BZ7WYR;
				GENERATE_INFOPLIST_FILE = YES;
				IPHONEOS_DEPLOYMENT_TARGET = 17.0;
				MARKETING_VERSION = 1.0;
				PRODUCT_BUNDLE_IDENTIFIER = com.muu0726.InfiniteCanvasAppUITests;
				PRODUCT_NAME = "$(TARGET_NAME)";
				SWIFT_EMIT_LOC_STRINGS = NO;
				SWIFT_VERSION = 5.0;
				TARGETED_DEVICE_FAMILY = "1,2";
				TEST_TARGET_NAME = InfiniteCanvasApp;
			};
			name = Debug;
		};
		BEEF000B2FF95A790000EAAB /* Release */ = {
			isa = XCBuildConfiguration;
			buildSettings = {
				CODE_SIGN_STYLE = Automatic;
				CURRENT_PROJECT_VERSION = 1;
				DEVELOPMENT_TEAM = 74A9BZ7WYR;
				GENERATE_INFOPLIST_FILE = YES;
				IPHONEOS_DEPLOYMENT_TARGET = 17.0;
				MARKETING_VERSION = 1.0;
				PRODUCT_BUNDLE_IDENTIFIER = com.muu0726.InfiniteCanvasAppUITests;
				PRODUCT_NAME = "$(TARGET_NAME)";
				SWIFT_EMIT_LOC_STRINGS = NO;
				SWIFT_VERSION = 5.0;
				TARGETED_DEVICE_FAMILY = "1,2";
				TEST_TARGET_NAME = InfiniteCanvasApp;
			};
			name = Release;
		};
		CAFE000A2FF95A790000EAAB /* Debug */ = {
			isa = XCBuildConfiguration;
			buildSettings = {
				BUNDLE_LOADER = "$(TEST_HOST)";
				CODE_SIGN_STYLE = Automatic;
				CURRENT_PROJECT_VERSION = 1;
				DEVELOPMENT_TEAM = 74A9BZ7WYR;
				GENERATE_INFOPLIST_FILE = YES;
				IPHONEOS_DEPLOYMENT_TARGET = 17.0;
				MARKETING_VERSION = 1.0;
				PRODUCT_BUNDLE_IDENTIFIER = com.muu0726.InfiniteCanvasAppTests;
				PRODUCT_NAME = "$(TARGET_NAME)";
				SWIFT_APPROACHABLE_CONCURRENCY = YES;
				SWIFT_DEFAULT_ACTOR_ISOLATION = MainActor;
				SWIFT_EMIT_LOC_STRINGS = NO;
				SWIFT_UPCOMING_FEATURE_MEMBER_IMPORT_VISIBILITY = YES;
				SWIFT_VERSION = 5.0;
				TARGETED_DEVICE_FAMILY = "1,2";
				TEST_HOST = "$(BUILT_PRODUCTS_DIR)/InfiniteCanvasApp.app/$(BUNDLE_EXECUTABLE_FOLDER_PATH)/InfiniteCanvasApp";
			};
			name = Debug;
		};
		CAFE000B2FF95A790000EAAB /* Release */ = {
			isa = XCBuildConfiguration;
			buildSettings = {
				BUNDLE_LOADER = "$(TEST_HOST)";
				CODE_SIGN_STYLE = Automatic;
				CURRENT_PROJECT_VERSION = 1;
				DEVELOPMENT_TEAM = 74A9BZ7WYR;
				GENERATE_INFOPLIST_FILE = YES;
				IPHONEOS_DEPLOYMENT_TARGET = 17.0;
				MARKETING_VERSION = 1.0;
				PRODUCT_BUNDLE_IDENTIFIER = com.muu0726.InfiniteCanvasAppTests;
				PRODUCT_NAME = "$(TARGET_NAME)";
				SWIFT_APPROACHABLE_CONCURRENCY = YES;
				SWIFT_DEFAULT_ACTOR_ISOLATION = MainActor;
				SWIFT_EMIT_LOC_STRINGS = NO;
				SWIFT_UPCOMING_FEATURE_MEMBER_IMPORT_VISIBILITY = YES;
				SWIFT_VERSION = 5.0;
				TARGETED_DEVICE_FAMILY = "1,2";
				TEST_HOST = "$(BUILT_PRODUCTS_DIR)/InfiniteCanvasApp.app/$(BUNDLE_EXECUTABLE_FOLDER_PATH)/InfiniteCanvasApp";
			};
			name = Release;
		};
		DE7ADE162FF95A7A0000EAAB /* Debug */ = {
			isa = XCBuildConfiguration;
			buildSettings = {
				ALWAYS_SEARCH_USER_PATHS = NO;
				ASSETCATALOG_COMPILER_GENERATE_SWIFT_ASSET_SYMBOL_EXTENSIONS = YES;
				CLANG_ANALYZER_NONNULL = YES;
				CLANG_ANALYZER_NUMBER_OBJECT_CONVERSION = YES_AGGRESSIVE;
				CLANG_CXX_LANGUAGE_STANDARD = "gnu++20";
				CLANG_ENABLE_MODULES = YES;
				CLANG_ENABLE_OBJC_ARC = YES;
				CLANG_ENABLE_OBJC_WEAK = YES;
				CLANG_WARN_BLOCK_CAPTURE_AUTORELEASING = YES;
				CLANG_WARN_BOOL_CONVERSION = YES;
				CLANG_WARN_COMMA = YES;
				CLANG_WARN_CONSTANT_CONVERSION = YES;
				CLANG_WARN_DEPRECATED_OBJC_IMPLEMENTATIONS = YES;
				CLANG_WARN_DIRECT_OBJC_ISA_USAGE = YES_ERROR;
				CLANG_WARN_DOCUMENTATION_COMMENTS = YES;
				CLANG_WARN_EMPTY_BODY = YES;
				CLANG_WARN_ENUM_CONVERSION = YES;
				CLANG_WARN_INFINITE_RECURSION = YES;
				CLANG_WARN_INT_CONVERSION = YES;
				CLANG_WARN_NON_LITERAL_NULL_CONVERSION = YES;
				CLANG_WARN_OBJC_IMPLICIT_RETAIN_SELF = YES;
				CLANG_WARN_OBJC_LITERAL_CONVERSION = YES;
				CLANG_WARN_OBJC_ROOT_CLASS = YES_ERROR;
				CLANG_WARN_QUOTED_INCLUDE_IN_FRAMEWORK_HEADER = YES;
				CLANG_WARN_RANGE_LOOP_ANALYSIS = YES;
				CLANG_WARN_STRICT_PROTOTYPES = YES;
				CLANG_WARN_SUSPICIOUS_MOVE = YES;
				CLANG_WARN_UNGUARDED_AVAILABILITY = YES_AGGRESSIVE;
				CLANG_WARN_UNREACHABLE_CODE = YES;
				CLANG_WARN__DUPLICATE_METHOD_MATCH = YES;
				COPY_PHASE_STRIP = NO;
				DEBUG_INFORMATION_FORMAT = dwarf;
				ENABLE_STRICT_OBJC_MSGSEND = YES;
				ENABLE_TESTABILITY = YES;
				ENABLE_USER_SCRIPT_SANDBOXING = YES;
				GCC_C_LANGUAGE_STANDARD = gnu17;
				GCC_DYNAMIC_NO_PIC = NO;
				GCC_NO_COMMON_BLOCKS = YES;
				GCC_OPTIMIZATION_LEVEL = 0;
				GCC_PREPROCESSOR_DEFINITIONS = (
					"DEBUG=1",
					"$(inherited)",
				);
				GCC_WARN_64_TO_32_BIT_CONVERSION = YES;
				GCC_WARN_ABOUT_RETURN_TYPE = YES_ERROR;
				GCC_WARN_UNDECLARED_SELECTOR = YES;
				GCC_WARN_UNINITIALIZED_AUTOS = YES_AGGRESSIVE;
				GCC_WARN_UNUSED_FUNCTION = YES;
				GCC_WARN_UNUSED_VARIABLE = YES;
				IPHONEOS_DEPLOYMENT_TARGET = 26.5;
				LOCALIZATION_PREFERS_STRING_CATALOGS = YES;
				MTL_ENABLE_DEBUG_INFO = INCLUDE_SOURCE;
				MTL_FAST_MATH = YES;
				ONLY_ACTIVE_ARCH = YES;
				SDKROOT = iphoneos;
				SWIFT_ACTIVE_COMPILATION_CONDITIONS = "DEBUG $(inherited)";
				SWIFT_OPTIMIZATION_LEVEL = "-Onone";
			};
			name = Debug;
		};
		DE7ADE172FF95A7A0000EAAB /* Release */ = {
			isa = XCBuildConfiguration;
			buildSettings = {
				ALWAYS_SEARCH_USER_PATHS = NO;
				ASSETCATALOG_COMPILER_GENERATE_SWIFT_ASSET_SYMBOL_EXTENSIONS = YES;
				CLANG_ANALYZER_NONNULL = YES;
				CLANG_ANALYZER_NUMBER_OBJECT_CONVERSION = YES_AGGRESSIVE;
				CLANG_CXX_LANGUAGE_STANDARD = "gnu++20";
				CLANG_ENABLE_MODULES = YES;
				CLANG_ENABLE_OBJC_ARC = YES;
				CLANG_ENABLE_OBJC_WEAK = YES;
				CLANG_WARN_BLOCK_CAPTURE_AUTORELEASING = YES;
				CLANG_WARN_BOOL_CONVERSION = YES;
				CLANG_WARN_COMMA = YES;
				CLANG_WARN_CONSTANT_CONVERSION = YES;
				CLANG_WARN_DEPRECATED_OBJC_IMPLEMENTATIONS = YES;
				CLANG_WARN_DIRECT_OBJC_ISA_USAGE = YES_ERROR;
				CLANG_WARN_DOCUMENTATION_COMMENTS = YES;
				CLANG_WARN_EMPTY_BODY = YES;
				CLANG_WARN_ENUM_CONVERSION = YES;
				CLANG_WARN_INFINITE_RECURSION = YES;
				CLANG_WARN_INT_CONVERSION = YES;
				CLANG_WARN_NON_LITERAL_NULL_CONVERSION = YES;
				CLANG_WARN_OBJC_IMPLICIT_RETAIN_SELF = YES;
				CLANG_WARN_OBJC_LITERAL_CONVERSION = YES;
				CLANG_WARN_OBJC_ROOT_CLASS = YES_ERROR;
				CLANG_WARN_QUOTED_INCLUDE_IN_FRAMEWORK_HEADER = YES;
				CLANG_WARN_RANGE_LOOP_ANALYSIS = YES;
				CLANG_WARN_STRICT_PROTOTYPES = YES;
				CLANG_WARN_SUSPICIOUS_MOVE = YES;
				CLANG_WARN_UNGUARDED_AVAILABILITY = YES_AGGRESSIVE;
				CLANG_WARN_UNREACHABLE_CODE = YES;
				CLANG_WARN__DUPLICATE_METHOD_MATCH = YES;
				COPY_PHASE_STRIP = NO;
				DEBUG_INFORMATION_FORMAT = "dwarf-with-dsym";
				ENABLE_NS_ASSERTIONS = NO;
				ENABLE_STRICT_OBJC_MSGSEND = YES;
				ENABLE_USER_SCRIPT_SANDBOXING = YES;
				GCC_C_LANGUAGE_STANDARD = gnu17;
				GCC_NO_COMMON_BLOCKS = YES;
				GCC_WARN_64_TO_32_BIT_CONVERSION = YES;
				GCC_WARN_ABOUT_RETURN_TYPE = YES_ERROR;
				GCC_WARN_UNDECLARED_SELECTOR = YES;
				GCC_WARN_UNINITIALIZED_AUTOS = YES_AGGRESSIVE;
				GCC_WARN_UNUSED_FUNCTION = YES;
				GCC_WARN_UNUSED_VARIABLE = YES;
				IPHONEOS_DEPLOYMENT_TARGET = 26.5;
				LOCALIZATION_PREFERS_STRING_CATALOGS = YES;
				MTL_ENABLE_DEBUG_INFO = NO;
				MTL_FAST_MATH = YES;
				SDKROOT = iphoneos;
				SWIFT_COMPILATION_MODE = wholemodule;
				VALIDATE_PRODUCT = YES;
			};
			name = Release;
		};
		DE7ADE192FF95A7A0000EAAB /* Debug */ = {
			isa = XCBuildConfiguration;
			buildSettings = {
				ASSETCATALOG_COMPILER_APPICON_NAME = AppIcon;
				ASSETCATALOG_COMPILER_GLOBAL_ACCENT_COLOR_NAME = AccentColor;
				CODE_SIGN_STYLE = Automatic;
				CURRENT_PROJECT_VERSION = 1;
				DEVELOPMENT_TEAM = 74A9BZ7WYR;
				ENABLE_PREVIEWS = YES;
				GENERATE_INFOPLIST_FILE = YES;
				INFOPLIST_KEY_UIApplicationSceneManifest_Generation = YES;
				INFOPLIST_KEY_UIApplicationSupportsIndirectInputEvents = YES;
				INFOPLIST_KEY_UILaunchScreen_Generation = YES;
				INFOPLIST_KEY_UISupportedInterfaceOrientations_iPad = "UIInterfaceOrientationPortrait UIInterfaceOrientationPortraitUpsideDown UIInterfaceOrientationLandscapeLeft UIInterfaceOrientationLandscapeRight";
				INFOPLIST_KEY_UISupportedInterfaceOrientations_iPhone = "UIInterfaceOrientationPortrait UIInterfaceOrientationLandscapeLeft UIInterfaceOrientationLandscapeRight";
				IPHONEOS_DEPLOYMENT_TARGET = 17.0;
				LD_RUNPATH_SEARCH_PATHS = (
					"$(inherited)",
					"@executable_path/Frameworks",
				);
				INFOPLIST_KEY_CFBundleDisplayName = Sproutnote;
				MARKETING_VERSION = 1.0;
				PRODUCT_BUNDLE_IDENTIFIER = com.muu0726.InfiniteCanvasApp;
				PRODUCT_NAME = "$(TARGET_NAME)";
				STRING_CATALOG_GENERATE_SYMBOLS = YES;
				SWIFT_APPROACHABLE_CONCURRENCY = YES;
				SWIFT_DEFAULT_ACTOR_ISOLATION = MainActor;
				SWIFT_EMIT_LOC_STRINGS = YES;
				SWIFT_UPCOMING_FEATURE_MEMBER_IMPORT_VISIBILITY = YES;
				SWIFT_VERSION = 5.0;
				TARGETED_DEVICE_FAMILY = "1,2";
			};
			name = Debug;
		};
		DE7ADE1A2FF95A7A0000EAAB /* Release */ = {
			isa = XCBuildConfiguration;
			buildSettings = {
				ASSETCATALOG_COMPILER_APPICON_NAME = AppIcon;
				ASSETCATALOG_COMPILER_GLOBAL_ACCENT_COLOR_NAME = AccentColor;
				CODE_SIGN_STYLE = Automatic;
				CURRENT_PROJECT_VERSION = 1;
				DEVELOPMENT_TEAM = 74A9BZ7WYR;
				ENABLE_PREVIEWS = YES;
				GENERATE_INFOPLIST_FILE = YES;
				INFOPLIST_KEY_UIApplicationSceneManifest_Generation = YES;
				INFOPLIST_KEY_UIApplicationSupportsIndirectInputEvents = YES;
				INFOPLIST_KEY_UILaunchScreen_Generation = YES;
				INFOPLIST_KEY_UISupportedInterfaceOrientations_iPad = "UIInterfaceOrientationPortrait UIInterfaceOrientationPortraitUpsideDown UIInterfaceOrientationLandscapeLeft UIInterfaceOrientationLandscapeRight";
				INFOPLIST_KEY_UISupportedInterfaceOrientations_iPhone = "UIInterfaceOrientationPortrait UIInterfaceOrientationLandscapeLeft UIInterfaceOrientationLandscapeRight";
				IPHONEOS_DEPLOYMENT_TARGET = 17.0;
				LD_RUNPATH_SEARCH_PATHS = (
					"$(inherited)",
					"@executable_path/Frameworks",
				);
				INFOPLIST_KEY_CFBundleDisplayName = Sproutnote;
				MARKETING_VERSION = 1.0;
				PRODUCT_BUNDLE_IDENTIFIER = com.muu0726.InfiniteCanvasApp;
				PRODUCT_NAME = "$(TARGET_NAME)";
				STRING_CATALOG_GENERATE_SYMBOLS = YES;
				SWIFT_APPROACHABLE_CONCURRENCY = YES;
				SWIFT_DEFAULT_ACTOR_ISOLATION = MainActor;
				SWIFT_EMIT_LOC_STRINGS = YES;
				SWIFT_UPCOMING_FEATURE_MEMBER_IMPORT_VISIBILITY = YES;
				SWIFT_VERSION = 5.0;
				TARGETED_DEVICE_FAMILY = "1,2";
			};
			name = Release;
		};
/* End XCBuildConfiguration section */

/* Begin XCConfigurationList section */
		BEEF00092FF95A790000EAAB /* Build configuration list for PBXNativeTarget "InfiniteCanvasAppUITests" */ = {
			isa = XCConfigurationList;
			buildConfigurations = (
				BEEF000A2FF95A790000EAAB /* Debug */,
				BEEF000B2FF95A790000EAAB /* Release */,
			);
			defaultConfigurationIsVisible = 0;
			defaultConfigurationName = Release;
		};
		CAFE00092FF95A790000EAAB /* Build configuration list for PBXNativeTarget "InfiniteCanvasAppTests" */ = {
			isa = XCConfigurationList;
			buildConfigurations = (
				CAFE000A2FF95A790000EAAB /* Debug */,
				CAFE000B2FF95A790000EAAB /* Release */,
			);
			defaultConfigurationIsVisible = 0;
			defaultConfigurationName = Release;
		};
		DE7ADE082FF95A790000EAAB /* Build configuration list for PBXProject "InfiniteCanvasApp" */ = {
			isa = XCConfigurationList;
			buildConfigurations = (
				DE7ADE162FF95A7A0000EAAB /* Debug */,
				DE7ADE172FF95A7A0000EAAB /* Release */,
			);
			defaultConfigurationIsVisible = 0;
			defaultConfigurationName = Release;
		};
		DE7ADE182FF95A7A0000EAAB /* Build configuration list for PBXNativeTarget "InfiniteCanvasApp" */ = {
			isa = XCConfigurationList;
			buildConfigurations = (
				DE7ADE192FF95A7A0000EAAB /* Debug */,
				DE7ADE1A2FF95A7A0000EAAB /* Release */,
			);
			defaultConfigurationIsVisible = 0;
			defaultConfigurationName = Release;
		};
/* End XCConfigurationList section */
	};
	rootObject = DE7ADE052FF95A790000EAAB /* Project object */;
}
